
Microsoft Visual Studio Solution File, Format Version 12.00
# Visual Studio Version 16
VisualStudioVersion = 16.0.29230.47
MinimumVisualStudioVersion = 10.0.40219.1
Project("{FAE04EC0-301F-11D3-BF4B-00C04F79EFBC}") = "SimNM", "SimNM\SimNM.csproj", "{2DC876AC-7B88-4730-BB24-0AF5DF4EE473}"
EndProject
Project("{FAE04EC0-301F-11D3-BF4B-00C04F79EFBC}") = "Simulator", "Simulator\Simulator.csproj", "{70A3C3F3-CAD2-44B6-8A39-5E6E458B9449}"
EndProject
Global
	GlobalSection(SolutionConfigurationPlatforms) = preSolution
		Debug|Any CPU = Debug|Any CPU
		Release|Any CPU = Release|Any CPU
	EndGlobalSection
	GlobalSection(ProjectConfigurationPlatforms) = postSolution
		{2DC876AC-7B88-4730-BB24-0AF5DF4EE473}.Debug|Any CPU.ActiveCfg = Debug|Any CPU
		{2DC876AC-7B88-4730-BB24-0AF5DF4EE473}.Debug|Any CPU.Build.0 = Debug|Any CPU
		{2DC876AC-7B88-4730-BB24-0AF5DF4EE473}.Release|Any CPU.ActiveCfg = Release|Any CPU
		{2DC876AC-7B88-4730-BB24-0AF5DF4EE473}.Release|Any CPU.Build.0 = Release|Any CPU
		{70A3C3F3-CAD2-44B6-8A39-5E6E458B9449}.Debug|Any CPU.ActiveCfg = Debug|Any CPU
		{70A3C3F3-CAD2-44B6-8A39-5E6E458B9449}.Debug|Any CPU.Build.0 = Debug|Any CPU
		{70A3C3F3-CAD2-44B6-8A39-5E6E458B9449}.Release|Any CPU.ActiveCfg = Release|Any CPU
		{70A3C3F3-CAD2-44B6-8A39-5E6E458B9449}.Release|Any CPU.Build.0 = Release|Any CPU
	EndGlobalSection
	GlobalSection(SolutionProperties) = preSolution
		HideSolutionNode = FALSE
	EndGlobalSection
	GlobalSection(ExtensibilityGlobals) = postSolution
		SolutionGuid = {12182816-4B22-40E2-8439-BDB9A9F69739}
	EndGlobalSection
EndGlobal
